// !$*UTF8*$!
{
	archiveVersion = 1;
	classes = {
	};
	objectVersion = 50;
	objects = {

/* Begin PBXBuildFile section */
		D32B1E7724C8352B00157D63 /* AppDelegate.swift in Sources */ = {isa = PBXBuildFile; fileRef = D32B1E7624C8352B00157D63 /* AppDelegate.swift */; };
		D32B1E7924C8352B00157D63 /* SceneDelegate.swift in Sources */ = {isa = PBXBuildFile; fileRef = D32B1E7824C8352B00157D63 /* SceneDelegate.swift */; };
		D32B1E7E24C8352B00157D63 /* Main.storyboard in Resources */ = {isa = PBXBuildFile; fileRef = D32B1E7C24C8352B00157D63 /* Main.storyboard */; };
		D32B1E8024C8352F00157D63 /* Assets.xcassets in Resources */ = {isa = PBXBuildFile; fileRef = D32B1E7F24C8352F00157D63 /* Assets.xcassets */; };
		D32B1E8324C8352F00157D63 /* LaunchScreen.storyboard in Resources */ = {isa = PBXBuildFile; fileRef = D32B1E8124C8352F00157D63 /* LaunchScreen.storyboard */; };
		D32B1E8B24C838D600157D63 /* RankTableViewCell.swift in Sources */ = {isa = PBXBuildFile; fileRef = D32B1E8A24C838D600157D63 /* RankTableViewCell.swift */; };
		D32B1E8D24C8393300157D63 /* RankViewController.swift in Sources */ = {isa = PBXBuildFile; fileRef = D32B1E8C24C8393300157D63 /* RankViewController.swift */; };
		D32B1E8F24C83A8100157D63 /* Constants.swift in Sources */ = {isa = PBXBuildFile; fileRef = D32B1E8E24C83A8100157D63 /* Constants.swift */; };
		D356557324D0304B003E5257 /* Extension.swift in Sources */ = {isa = PBXBuildFile; fileRef = D356557224D0304B003E5257 /* Extension.swift */; };
		D35CDE9624C9BC6100D0D35D /* RankDataModels.swift in Sources */ = {isa = PBXBuildFile; fileRef = D35CDE9524C9BC6100D0D35D /* RankDataModels.swift */; };
		D35CDE9824CA8ADA00D0D35D /* VideoModel.swift in Sources */ = {isa = PBXBuildFile; fileRef = D35CDE9724CA8ADA00D0D35D /* VideoModel.swift */; };
		D35CDE9A24CA9EF800D0D35D /* VideoBrain.swift in Sources */ = {isa = PBXBuildFile; fileRef = D35CDE9924CA9EF800D0D35D /* VideoBrain.swift */; };
		D35CDE9E24CACCC600D0D35D /* CommentTableViewCell.swift in Sources */ = {isa = PBXBuildFile; fileRef = D35CDE9D24CACCC600D0D35D /* CommentTableViewCell.swift */; };
		D35CDEA224CADCB300D0D35D /* CommentViewController.swift in Sources */ = {isa = PBXBuildFile; fileRef = D35CDEA124CADCB300D0D35D /* CommentViewController.swift */; };
		D3D7C0B024C97F560079DE81 /* NetworkManager.swift in Sources */ = {isa = PBXBuildFile; fileRef = D3D7C0AF24C97F560079DE81 /* NetworkManager.swift */; };
		D3D7C0B224C988E60079DE81 /* Todo.swift in Sources */ = {isa = PBXBuildFile; fileRef = D3D7C0B124C988E60079DE81 /* Todo.swift */; };
		D3D7C0B424C989500079DE81 /* APIKEY.swift in Sources */ = {isa = PBXBuildFile; fileRef = D3D7C0B324C989500079DE81 /* APIKEY.swift */; };
		D3FDB98F24CED09F00CFF396 /* CommentBrain.swift in Sources */ = {isa = PBXBuildFile; fileRef = D3FDB98E24CED09F00CFF396 /* CommentBrain.swift */; };
		D3FDB99324CEDCAB00CFF396 /* CommentModel.swift in Sources */ = {isa = PBXBuildFile; fileRef = D3FDB99224CEDCAB00CFF396 /* CommentModel.swift */; };
		D3FDB99524CEDD3C00CFF396 /* CommentDataModel.swift in Sources */ = {isa = PBXBuildFile; fileRef = D3FDB99424CEDD3C00CFF396 /* CommentDataModel.swift */; };
/* End PBXBuildFile section */

/* Begin PBXFileReference section */
		D32B1E7324C8352B00157D63 /* CommnetOnly.app */ = {isa = PBXFileReference; explicitFileType = wrapper.application; includeInIndex = 0; path = CommnetOnly.app; sourceTree = BUILT_PRODUCTS_DIR; };
		D32B1E7624C8352B00157D63 /* AppDelegate.swift */ = {isa = PBXFileReference; lastKnownFileType = sourcecode.swift; path = AppDelegate.swift; sourceTree = "<group>"; };
		D32B1E7824C8352B00157D63 /* SceneDelegate.swift */ = {isa = PBXFileReference; lastKnownFileType = sourcecode.swift; path = SceneDelegate.swift; sourceTree = "<group>"; };
		D32B1E7D24C8352B00157D63 /* Base */ = {isa = PBXFileReference; lastKnownFileType = file.storyboard; name = Base; path = Base.lproj/Main.storyboard; sourceTree = "<group>"; };
		D32B1E7F24C8352F00157D63 /* Assets.xcassets */ = {isa = PBXFileReference; lastKnownFileType = folder.assetcatalog; path = Assets.xcassets; sourceTree = "<group>"; };
		D32B1E8224C8352F00157D63 /* Base */ = {isa = PBXFileReference; lastKnownFileType = file.storyboard; name = Base; path = Base.lproj/LaunchScreen.storyboard; sourceTree = "<group>"; };
		D32B1E8424C8352F00157D63 /* Info.plist */ = {isa = PBXFileReference; lastKnownFileType = text.plist.xml; path = Info.plist; sourceTree = "<group>"; };
		D32B1E8A24C838D600157D63 /* RankTableViewCell.swift */ = {isa = PBXFileReference; lastKnownFileType = sourcecode.swift; path = RankTableViewCell.swift; sourceTree = "<group>"; };
		D32B1E8C24C8393300157D63 /* RankViewController.swift */ = {isa = PBXFileReference; lastKnownFileType = sourcecode.swift; path = RankViewController.swift; sourceTree = "<group>"; };
		D32B1E8E24C83A8100157D63 /* Constants.swift */ = {isa = PBXFileReference; lastKnownFileType = sourcecode.swift; path = Constants.swift; sourceTree = "<group>"; };
		D356557224D0304B003E5257 /* Extension.swift */ = {isa = PBXFileReference; lastKnownFileType = sourcecode.swift; path = Extension.swift; sourceTree = "<group>"; };
		D35CDE9524C9BC6100D0D35D /* RankDataModels.swift */ = {isa = PBXFileReference; lastKnownFileType = sourcecode.swift; path = RankDataModels.swift; sourceTree = "<group>"; };
		D35CDE9724CA8ADA00D0D35D /* VideoModel.swift */ = {isa = PBXFileReference; lastKnownFileType = sourcecode.swift; path = VideoModel.swift; sourceTree = "<group>"; };
		D35CDE9924CA9EF800D0D35D /* VideoBrain.swift */ = {isa = PBXFileReference; lastKnownFileType = sourcecode.swift; path = VideoBrain.swift; sourceTree = "<group>"; };
		D35CDE9D24CACCC600D0D35D /* CommentTableViewCell.swift */ = {isa = PBXFileReference; lastKnownFileType = sourcecode.swift; path = CommentTableViewCell.swift; sourceTree = "<group>"; };
		D35CDEA124CADCB300D0D35D /* CommentViewController.swift */ = {isa = PBXFileReference; lastKnownFileType = sourcecode.swift; path = CommentViewController.swift; sourceTree = "<group>"; };
		D3D7C0AF24C97F560079DE81 /* NetworkManager.swift */ = {isa = PBXFileReference; lastKnownFileType = sourcecode.swift; path = NetworkManager.swift; sourceTree = "<group>"; };
		D3D7C0B124C988E60079DE81 /* Todo.swift */ = {isa = PBXFileReference; lastKnownFileType = sourcecode.swift; path = Todo.swift; sourceTree = "<group>"; };
		D3D7C0B324C989500079DE81 /* APIKEY.swift */ = {isa = PBXFileReference; lastKnownFileType = sourcecode.swift; path = APIKEY.swift; sourceTree = "<group>"; };
		D3FDB98E24CED09F00CFF396 /* CommentBrain.swift */ = {isa = PBXFileReference; lastKnownFileType = sourcecode.swift; path = CommentBrain.swift; sourceTree = "<group>"; };
		D3FDB99224CEDCAB00CFF396 /* CommentModel.swift */ = {isa = PBXFileReference; lastKnownFileType = sourcecode.swift; path = CommentModel.swift; sourceTree = "<group>"; };
		D3FDB99424CEDD3C00CFF396 /* CommentDataModel.swift */ = {isa = PBXFileReference; lastKnownFileType = sourcecode.swift; path = CommentDataModel.swift; sourceTree = "<group>"; };
/* End PBXFileReference section */

/* Begin PBXFrameworksBuildPhase section */
		D32B1E7024C8352B00157D63 /* Frameworks */ = {
			isa = PBXFrameworksBuildPhase;
			buildActionMask = 2147483647;
			files = (
			);
			runOnlyForDeploymentPostprocessing = 0;
		};
/* End PBXFrameworksBuildPhase section */

/* Begin PBXGroup section */
		D32B1E6A24C8352B00157D63 = {
			isa = PBXGroup;
			children = (
				D32B1E7524C8352B00157D63 /* CommnetOnly */,
				D32B1E7424C8352B00157D63 /* Products */,
			);
			sourceTree = "<group>";
		};
		D32B1E7424C8352B00157D63 /* Products */ = {
			isa = PBXGroup;
			children = (
				D32B1E7324C8352B00157D63 /* CommnetOnly.app */,
			);
			name = Products;
			sourceTree = "<group>";
		};
		D32B1E7524C8352B00157D63 /* CommnetOnly */ = {
			isa = PBXGroup;
			children = (
				D32B1E7624C8352B00157D63 /* AppDelegate.swift */,
				D32B1E7824C8352B00157D63 /* SceneDelegate.swift */,
				D32B1E8A24C838D600157D63 /* RankTableViewCell.swift */,
				D32B1E8C24C8393300157D63 /* RankViewController.swift */,
				D35CDEA124CADCB300D0D35D /* CommentViewController.swift */,
				D35CDE9D24CACCC600D0D35D /* CommentTableViewCell.swift */,
				D3D7C0AF24C97F560079DE81 /* NetworkManager.swift */,
				D3FDB96D24CEAB0700CFF396 /* Model */,
				D32B1E8E24C83A8100157D63 /* Constants.swift */,
				D356557224D0304B003E5257 /* Extension.swift */,
				D32B1E7C24C8352B00157D63 /* Main.storyboard */,
				D3D7C0B324C989500079DE81 /* APIKEY.swift */,
				D32B1E7F24C8352F00157D63 /* Assets.xcassets */,
				D32B1E8124C8352F00157D63 /* LaunchScreen.storyboard */,
				D3D7C0B124C988E60079DE81 /* Todo.swift */,
				D32B1E8424C8352F00157D63 /* Info.plist */,
			);
			path = CommnetOnly;
			sourceTree = "<group>";
		};
		D3FDB96D24CEAB0700CFF396 /* Model */ = {
			isa = PBXGroup;
			children = (
				D35CDE9924CA9EF800D0D35D /* VideoBrain.swift */,
				D35CDE9524C9BC6100D0D35D /* RankDataModels.swift */,
				D35CDE9724CA8ADA00D0D35D /* VideoModel.swift */,
				D3FDB99424CEDD3C00CFF396 /* CommentDataModel.swift */,
				D3FDB99224CEDCAB00CFF396 /* CommentModel.swift */,
				D3FDB98E24CED09F00CFF396 /* CommentBrain.swift */,
			);
			path = Model;
			sourceTree = "<group>";
		};
/* End PBXGroup section */

/* Begin PBXNativeTarget section */
		D32B1E7224C8352B00157D63 /* CommnetOnly */ = {
			isa = PBXNativeTarget;
			buildConfigurationList = D32B1E8724C8352F00157D63 /* Build configuration list for PBXNativeTarget "CommnetOnly" */;
			buildPhases = (
				D32B1E6F24C8352B00157D63 /* Sources */,
				D32B1E7024C8352B00157D63 /* Frameworks */,
				D32B1E7124C8352B00157D63 /* Resources */,
			);
			buildRules = (
			);
			dependencies = (
			);
			name = CommnetOnly;
			productName = CommnetOnly;
			productReference = D32B1E7324C8352B00157D63 /* CommnetOnly.app */;
			productType = "com.apple.product-type.application";
		};
/* End PBXNativeTarget section */

/* Begin PBXProject section */
		D32B1E6B24C8352B00157D63 /* Project object */ = {
			isa = PBXProject;
			attributes = {
				LastSwiftUpdateCheck = 1160;
				LastUpgradeCheck = 1160;
				ORGANIZATIONNAME = sangbeomLee;
				TargetAttributes = {
					D32B1E7224C8352B00157D63 = {
						CreatedOnToolsVersion = 11.6;
					};
				};
			};
			buildConfigurationList = D32B1E6E24C8352B00157D63 /* Build configuration list for PBXProject "CommnetOnly" */;
			compatibilityVersion = "Xcode 9.3";
			developmentRegion = en;
			hasScannedForEncodings = 0;
			knownRegions = (
				en,
				Base,
			);
			mainGroup = D32B1E6A24C8352B00157D63;
			productRefGroup = D32B1E7424C8352B00157D63 /* Products */;
			projectDirPath = "";
			projectRoot = "";
			targets = (
				D32B1E7224C8352B00157D63 /* CommnetOnly */,
			);
		};
/* End PBXProject section */

/* Begin PBXResourcesBuildPhase section */
		D32B1E7124C8352B00157D63 /* Resources */ = {
			isa = PBXResourcesBuildPhase;
			buildActionMask = 2147483647;
			files = (
				D32B1E8324C8352F00157D63 /* LaunchScreen.storyboard in Resources */,
				D32B1E8024C8352F00157D63 /* Assets.xcassets in Resources */,
				D32B1E7E24C8352B00157D63 /* Main.storyboard in Resources */,
			);
			runOnlyForDeploymentPostprocessing = 0;
		};
/* End PBXResourcesBuildPhase section */

/* Begin PBXSourcesBuildPhase section */
		D32B1E6F24C8352B00157D63 /* Sources */ = {
			isa = PBXSourcesBuildPhase;
			buildActionMask = 2147483647;
			files = (
				D35CDEA224CADCB300D0D35D /* CommentViewController.swift in Sources */,
				D35CDE9624C9BC6100D0D35D /* RankDataModels.swift in Sources */,
				D35CDE9A24CA9EF800D0D35D /* VideoBrain.swift in Sources */,
				D3D7C0B224C988E60079DE81 /* Todo.swift in Sources */,
				D3D7C0B024C97F560079DE81 /* NetworkManager.swift in Sources */,
				D35CDE9824CA8ADA00D0D35D /* VideoModel.swift in Sources */,
				D3FDB98F24CED09F00CFF396 /* CommentBrain.swift in Sources */,
				D3FDB99324CEDCAB00CFF396 /* CommentModel.swift in Sources */,
				D3D7C0B424C989500079DE81 /* APIKEY.swift in Sources */,
				D32B1E8B24C838D600157D63 /* RankTableViewCell.swift in Sources */,
				D356557324D0304B003E5257 /* Extension.swift in Sources */,
				D32B1E7724C8352B00157D63 /* AppDelegate.swift in Sources */,
				D35CDE9E24CACCC600D0D35D /* CommentTableViewCell.swift in Sources */,
				D32B1E8F24C83A8100157D63 /* Constants.swift in Sources */,
				D32B1E8D24C8393300157D63 /* RankViewController.swift in Sources */,
				D32B1E7924C8352B00157D63 /* SceneDelegate.swift in Sources */,
				D3FDB99524CEDD3C00CFF396 /* CommentDataModel.swift in Sources */,
			);
			runOnlyForDeploymentPostprocessing = 0;
		};
/* End PBXSourcesBuildPhase section */

/* Begin PBXVariantGroup section */
		D32B1E7C24C8352B00157D63 /* Main.storyboard */ = {
			isa = PBXVariantGroup;
			children = (
				D32B1E7D24C8352B00157D63 /* Base */,
			);
			name = Main.storyboard;
			sourceTree = "<group>";
		};
		D32B1E8124C8352F00157D63 /* LaunchScreen.storyboard */ = {
			isa = PBXVariantGroup;
			children = (
				D32B1E8224C8352F00157D63 /* Base */,
			);
			name = LaunchScreen.storyboard;
			sourceTree = "<group>";
		};
/* End PBXVariantGroup section */

/* Begin XCBuildConfiguration section */
		D32B1E8524C8352F00157D63 /* Debug */ = {
			isa = XCBuildConfiguration;
			buildSettings = {
				ALWAYS_SEARCH_USER_PATHS = NO;
				CLANG_ANALYZER_NONNULL = YES;
				CLANG_ANALYZER_NUMBER_OBJECT_CONVERSION = YES_AGGRESSIVE;
				CLANG_CXX_LANGUAGE_STANDARD = "gnu++14";
				CLANG_CXX_LIBRARY = "libc++";
				CLANG_ENABLE_MODULES = YES;
				CLANG_ENABLE_OBJC_ARC = YES;
				CLANG_ENABLE_OBJC_WEAK = YES;
				CLANG_WARN_BLOCK_CAPTURE_AUTORELEASING = YES;
				CLANG_WARN_BOOL_CONVERSION = YES;
				CLANG_WARN_COMMA = YES;
				CLANG_WARN_CONSTANT_CONVERSION = YES;
				CLANG_WARN_DEPRECATED_OBJC_IMPLEMENTATIONS = YES;
				CLANG_WARN_DIRECT_OBJC_ISA_USAGE = YES_ERROR;
				CLANG_WARN_DOCUMENTATION_COMMENTS = YES;
				CLANG_WARN_EMPTY_BODY = YES;
				CLANG_WARN_ENUM_CONVERSION = YES;
				CLANG_WARN_INFINITE_RECURSION = YES;
				CLANG_WARN_INT_CONVERSION = YES;
				CLANG_WARN_NON_LITERAL_NULL_CONVERSION = YES;
				CLANG_WARN_OBJC_IMPLICIT_RETAIN_SELF = YES;
				CLANG_WARN_OBJC_LITERAL_CONVERSION = YES;
				CLANG_WARN_OBJC_ROOT_CLASS = YES_ERROR;
				CLANG_WARN_RANGE_LOOP_ANALYSIS = YES;
				CLANG_WARN_STRICT_PROTOTYPES = YES;
				CLANG_WARN_SUSPICIOUS_MOVE = YES;
				CLANG_WARN_UNGUARDED_AVAILABILITY = YES_AGGRESSIVE;
				CLANG_WARN_UNREACHABLE_CODE = YES;
				CLANG_WARN__DUPLICATE_METHOD_MATCH = YES;
				COPY_PHASE_STRIP = NO;
				DEBUG_INFORMATION_FORMAT = dwarf;
				ENABLE_STRICT_OBJC_MSGSEND = YES;
				ENABLE_TESTABILITY = YES;
				GCC_C_LANGUAGE_STANDARD = gnu11;
				GCC_DYNAMIC_NO_PIC = NO;
				GCC_NO_COMMON_BLOCKS = YES;
				GCC_OPTIMIZATION_LEVEL = 0;
				GCC_PREPROCESSOR_DEFINITIONS = (
					"DEBUG=1",
					"$(inherited)",
				);
				GCC_WARN_64_TO_32_BIT_CONVERSION = YES;
				GCC_WARN_ABOUT_RETURN_TYPE = YES_ERROR;
				GCC_WARN_UNDECLARED_SELECTOR = YES;
				GCC_WARN_UNINITIALIZED_AUTOS = YES_AGGRESSIVE;
				GCC_WARN_UNUSED_FUNCTION = YES;
				GCC_WARN_UNUSED_VARIABLE = YES;
				IPHONEOS_DEPLOYMENT_TARGET = 13.6;
				MTL_ENABLE_DEBUG_INFO = INCLUDE_SOURCE;
				MTL_FAST_MATH = YES;
				ONLY_ACTIVE_ARCH = YES;
				SDKROOT = iphoneos;
				SWIFT_ACTIVE_COMPILATION_CONDITIONS = DEBUG;
				SWIFT_OPTIMIZATION_LEVEL = "-Onone";
			};
			name = Debug;
		};
		D32B1E8624C8352F00157D63 /* Release */ = {
			isa = XCBuildConfiguration;
			buildSettings = {
				ALWAYS_SEARCH_USER_PATHS = NO;
				CLANG_ANALYZER_NONNULL = YES;
				CLANG_ANALYZER_NUMBER_OBJECT_CONVERSION = YES_AGGRESSIVE;
				CLANG_CXX_LANGUAGE_STANDARD = "gnu++14";
				CLANG_CXX_LIBRARY = "libc++";
				CLANG_ENABLE_MODULES = YES;
				CLANG_ENABLE_OBJC_ARC = YES;
				CLANG_ENABLE_OBJC_WEAK = YES;
				CLANG_WARN_BLOCK_CAPTURE_AUTORELEASING = YES;
				CLANG_WARN_BOOL_CONVERSION = YES;
				CLANG_WARN_COMMA = YES;
				CLANG_WARN_CONSTANT_CONVERSION = YES;
				CLANG_WARN_DEPRECATED_OBJC_IMPLEMENTATIONS = YES;
				CLANG_WARN_DIRECT_OBJC_ISA_USAGE = YES_ERROR;
				CLANG_WARN_DOCUMENTATION_COMMENTS = YES;
				CLANG_WARN_EMPTY_BODY = YES;
				CLANG_WARN_ENUM_CONVERSION = YES;
				CLANG_WARN_INFINITE_RECURSION = YES;
				CLANG_WARN_INT_CONVERSION = YES;
				CLANG_WARN_NON_LITERAL_NULL_CONVERSION = YES;
				CLANG_WARN_OBJC_IMPLICIT_RETAIN_SELF = YES;
				CLANG_WARN_OBJC_LITERAL_CONVERSION = YES;
				CLANG_WARN_OBJC_ROOT_CLASS = YES_ERROR;
				CLANG_WARN_RANGE_LOOP_ANALYSIS = YES;
				CLANG_WARN_STRICT_PROTOTYPES = YES;
				CLANG_WARN_SUSPICIOUS_MOVE = YES;
				CLANG_WARN_UNGUARDED_AVAILABILITY = YES_AGGRESSIVE;
				CLANG_WARN_UNREACHABLE_CODE = YES;
				CLANG_WARN__DUPLICATE_METHOD_MATCH = YES;
				COPY_PHASE_STRIP = NO;
				DEBUG_INFORMATION_FORMAT = "dwarf-with-dsym";
				ENABLE_NS_ASSERTIONS = NO;
				ENABLE_STRICT_OBJC_MSGSEND = YES;
				GCC_C_LANGUAGE_STANDARD = gnu11;
				GCC_NO_COMMON_BLOCKS = YES;
				GCC_WARN_64_TO_32_BIT_CONVERSION = YES;
				GCC_WARN_ABOUT_RETURN_TYPE = YES_ERROR;
				GCC_WARN_UNDECLARED_SELECTOR = YES;
				GCC_WARN_UNINITIALIZED_AUTOS = YES_AGGRESSIVE;
				GCC_WARN_UNUSED_FUNCTION = YES;
				GCC_WARN_UNUSED_VARIABLE = YES;
				IPHONEOS_DEPLOYMENT_TARGET = 13.6;
				MTL_ENABLE_DEBUG_INFO = NO;
				MTL_FAST_MATH = YES;
				SDKROOT = iphoneos;
				SWIFT_COMPILATION_MODE = wholemodule;
				SWIFT_OPTIMIZATION_LEVEL = "-O";
				VALIDATE_PRODUCT = YES;
			};
			name = Release;
		};
		D32B1E8824C8352F00157D63 /* Debug */ = {
			isa = XCBuildConfiguration;
			buildSettings = {
				ASSETCATALOG_COMPILER_APPICON_NAME = AppIcon;
				CODE_SIGN_STYLE = Automatic;
				DEVELOPMENT_TEAM = UW7Y2DJ8R6;
				INFOPLIST_FILE = CommnetOnly/Info.plist;
				LD_RUNPATH_SEARCH_PATHS = (
					"$(inherited)",
					"@executable_path/Frameworks",
				);
				PRODUCT_BUNDLE_IDENTIFIER = com.sangbeom.CommnetOnly;
				PRODUCT_NAME = "$(TARGET_NAME)";
				SWIFT_VERSION = 5.0;
				TARGETED_DEVICE_FAMILY = "1,2";
			};
			name = Debug;
		};
		D32B1E8924C8352F00157D63 /* Release */ = {
			isa = XCBuildConfiguration;
			buildSettings = {
				ASSETCATALOG_COMPILER_APPICON_NAME = AppIcon;
				CODE_SIGN_STYLE = Automatic;
				DEVELOPMENT_TEAM = UW7Y2DJ8R6;
				INFOPLIST_FILE = CommnetOnly/Info.plist;
				LD_RUNPATH_SEARCH_PATHS = (
					"$(inherited)",
					"@executable_path/Frameworks",
				);
				PRODUCT_BUNDLE_IDENTIFIER = com.sangbeom.CommnetOnly;
				PRODUCT_NAME = "$(TARGET_NAME)";
				SWIFT_VERSION = 5.0;
				TARGETED_DEVICE_FAMILY = "1,2";
			};
			name = Release;
		};
/* End XCBuildConfiguration section */

/* Begin XCConfigurationList section */
		D32B1E6E24C8352B00157D63 /* Build configuration list for PBXProject "CommnetOnly" */ = {
			isa = XCConfigurationList;
			buildConfigurations = (
				D32B1E8524C8352F00157D63 /* Debug */,
				D32B1E8624C8352F00157D63 /* Release */,
			);
			defaultConfigurationIsVisible = 0;
			defaultConfigurationName = Release;
		};
		D32B1E8724C8352F00157D63 /* Build configuration list for PBXNativeTarget "CommnetOnly" */ = {
			isa = XCConfigurationList;
			buildConfigurations = (
				D32B1E8824C8352F00157D63 /* Debug */,
				D32B1E8924C8352F00157D63 /* Release */,
			);
			defaultConfigurationIsVisible = 0;
			defaultConfigurationName = Release;
		};
/* End XCConfigurationList section */
	};
	rootObject = D32B1E6B24C8352B00157D63 /* Project object */;
}
